
Microsoft Visual Studio Solution File, Format Version 12.00
# Visual Studio Version 17
VisualStudioVersion = 17.12.35527.113
MinimumVisualStudioVersion = 10.0.40219.1
Project("{FAE04EC0-301F-11D3-BF4B-00C04F79EFBC}") = "StrideEnchanted", "StrideEnchanted\StrideEnchanted.csproj", "{DEF6C97F-8FBA-4DF1-BC00-40298D4BB201}"
EndProject
Project("{2150E333-8FDC-42A3-9474-1A3956D46DE8}") = "_SolutionItems", "_SolutionItems", "{AB9FF915-475F-4665-9714-49217B4A3780}"
	ProjectSection(SolutionItems) = preProject
		README.md = README.md
	EndProjectSection
EndProject
Project("{FAE04EC0-301F-11D3-BF4B-00C04F79EFBC}") = "StrideEnchanted.Explorer", "StrideEnchanted.Explorer\StrideEnchanted.Explorer.csproj", "{C84705AD-C80D-4E7D-B6CA-360D85B8D6D5}"
EndProject
Project("{FAE04EC0-301F-11D3-BF4B-00C04F79EFBC}") = "StrideEnchanted.Host", "StrideEnchanted.Host\StrideEnchanted.Host.csproj", "{CED1BEBD-AA84-4980-8DCC-7704F4B5E547}"
EndProject
Project("{FAE04EC0-301F-11D3-BF4B-00C04F79EFBC}") = "StrideEnchanted.Example", "StrideEnchanted.Example\StrideEnchanted.Example.csproj", "{9A78D76B-6174-4CBC-B33B-F20CF54DF583}"
EndProject
Global
	GlobalSection(SolutionConfigurationPlatforms) = preSolution
		Debug|Any CPU = Debug|Any CPU
		Release|Any CPU = Release|Any CPU
	EndGlobalSection
	GlobalSection(ProjectConfigurationPlatforms) = postSolution
		{DEF6C97F-8FBA-4DF1-BC00-40298D4BB201}.Debug|Any CPU.ActiveCfg = Debug|Any CPU
		{DEF6C97F-8FBA-4DF1-BC00-40298D4BB201}.Debug|Any CPU.Build.0 = Debug|Any CPU
		{DEF6C97F-8FBA-4DF1-BC00-40298D4BB201}.Release|Any CPU.ActiveCfg = Release|Any CPU
		{DEF6C97F-8FBA-4DF1-BC00-40298D4BB201}.Release|Any CPU.Build.0 = Release|Any CPU
		{C84705AD-C80D-4E7D-B6CA-360D85B8D6D5}.Debug|Any CPU.ActiveCfg = Debug|Any CPU
		{C84705AD-C80D-4E7D-B6CA-360D85B8D6D5}.Debug|Any CPU.Build.0 = Debug|Any CPU
		{C84705AD-C80D-4E7D-B6CA-360D85B8D6D5}.Release|Any CPU.ActiveCfg = Release|Any CPU
		{C84705AD-C80D-4E7D-B6CA-360D85B8D6D5}.Release|Any CPU.Build.0 = Release|Any CPU
		{CED1BEBD-AA84-4980-8DCC-7704F4B5E547}.Debug|Any CPU.ActiveCfg = Debug|Any CPU
		{CED1BEBD-AA84-4980-8DCC-7704F4B5E547}.Debug|Any CPU.Build.0 = Debug|Any CPU
		{CED1BEBD-AA84-4980-8DCC-7704F4B5E547}.Release|Any CPU.ActiveCfg = Release|Any CPU
		{CED1BEBD-AA84-4980-8DCC-7704F4B5E547}.Release|Any CPU.Build.0 = Release|Any CPU
		{9A78D76B-6174-4CBC-B33B-F20CF54DF583}.Debug|Any CPU.ActiveCfg = Debug|Any CPU
		{9A78D76B-6174-4CBC-B33B-F20CF54DF583}.Debug|Any CPU.Build.0 = Debug|Any CPU
		{9A78D76B-6174-4CBC-B33B-F20CF54DF583}.Release|Any CPU.ActiveCfg = Release|Any CPU
		{9A78D76B-6174-4CBC-B33B-F20CF54DF583}.Release|Any CPU.Build.0 = Release|Any CPU
	EndGlobalSection
	GlobalSection(SolutionProperties) = preSolution
		HideSolutionNode = FALSE
	EndGlobalSection
EndGlobal
